
Microsoft Visual Studio Solution File, Format Version 12.00
# Visual Studio Version 16
VisualStudioVersion = 16.0.31229.75
MinimumVisualStudioVersion = 10.0.40219.1
Project("{9A19103F-16F7-4668-BE54-9A1E7A4F7556}") = "Cursos", "Cursos.csproj", "{47D8647E-81A0-4FAE-A8E7-875630B988FC}"
EndProject
Global
	GlobalSection(SolutionConfigurationPlatforms) = preSolution
		Debug|Any CPU = Debug|Any CPU
		Release|Any CPU = Release|Any CPU
	EndGlobalSection
	GlobalSection(ProjectConfigurationPlatforms) = postSolution
		{47D8647E-81A0-4FAE-A8E7-875630B988FC}.Debug|Any CPU.ActiveCfg = Debug|Any CPU
		{47D8647E-81A0-4FAE-A8E7-875630B988FC}.Debug|Any CPU.Build.0 = Debug|Any CPU
		{47D8647E-81A0-4FAE-A8E7-875630B988FC}.Release|Any CPU.ActiveCfg = Release|Any CPU
		{47D8647E-81A0-4FAE-A8E7-875630B988FC}.Release|Any CPU.Build.0 = Release|Any CPU
	EndGlobalSection
	GlobalSection(SolutionProperties) = preSolution
		HideSolutionNode = FALSE
	EndGlobalSection
	GlobalSection(ExtensibilityGlobals) = postSolution
		SolutionGuid = {F504D37C-89EB-4716-AEE0-142AAA56DF99}
	EndGlobalSection
EndGlobal
